Microsoft Visual Studio Solution File, Format Version 8.00
Project("{8BC9CEB8-8B4A-11D0-8D11-00A0C91BC942}") = "natlinkCore", "natlinkCore\natlinkCore.vcproj", "{FD3160B9-F117-4187-B968-C121B084488E}"
	ProjectSection(ProjectDependencies) = postProject
		{8514361C-9475-45ED-86DD-39320E656296} = {8514361C-9475-45ED-86DD-39320E656296}
	EndProjectSection
EndProject
Project("{F184B08F-C81C-45F6-A57F-5ABD9991F28F}") = "ConfigureNatLink", "ConfigureNatLink\ConfigureNatLink.vbproj", "{40FCDE32-1FE2-4A3F-B144-A099272EF446}"
	ProjectSection(ProjectDependencies) = postProject
	EndProjectSection
EndProject
Project("{8BC9CEB8-8B4A-11D0-8D11-00A0C91BC942}") = "simpscrp", "Simpscrp\simpscrp.vcproj", "{B591E2B1-3EFA-4D68-93D0-5B9233EF5D72}"
	ProjectSection(ProjectDependencies) = postProject
	EndProjectSection
EndProject
Project("{8BC9CEB8-8B4A-11D0-8D11-00A0C91BC942}") = "calldll", "calldll\calldll.vcproj", "{47E50E32-09C2-4EF8-905C-B89C683DACBC}"
	ProjectSection(ProjectDependencies) = postProject
	EndProjectSection
EndProject
Project("{F184B08F-C81C-45F6-A57F-5ABD9991F28F}") = "MessageWindow", "MessageWindow\MessageWindow.vbproj", "{8514361C-9475-45ED-86DD-39320E656296}"
	ProjectSection(ProjectDependencies) = postProject
	EndProjectSection
EndProject
Project("{F184B08F-C81C-45F6-A57F-5ABD9991F28F}") = "NLInstaller", "NLInstaller\NLInstaller.vbproj", "{506647B3-A203-467E-8DE9-657334016896}"
	ProjectSection(ProjectDependencies) = postProject
	EndProjectSection
EndProject
Global
	GlobalSection(SolutionConfiguration) = preSolution
		Debug = Debug
		Release = Release
	EndGlobalSection
	GlobalSection(ProjectConfiguration) = postSolution
		{FD3160B9-F117-4187-B968-C121B084488E}.Debug.ActiveCfg = Debug|Win32
		{FD3160B9-F117-4187-B968-C121B084488E}.Debug.Build.0 = Debug|Win32
		{FD3160B9-F117-4187-B968-C121B084488E}.Release.ActiveCfg = Release|Win32
		{FD3160B9-F117-4187-B968-C121B084488E}.Release.Build.0 = Release|Win32
		{40FCDE32-1FE2-4A3F-B144-A099272EF446}.Debug.ActiveCfg = Debug|.NET
		{40FCDE32-1FE2-4A3F-B144-A099272EF446}.Debug.Build.0 = Debug|.NET
		{40FCDE32-1FE2-4A3F-B144-A099272EF446}.Release.ActiveCfg = Release|.NET
		{40FCDE32-1FE2-4A3F-B144-A099272EF446}.Release.Build.0 = Release|.NET
		{B591E2B1-3EFA-4D68-93D0-5B9233EF5D72}.Debug.ActiveCfg = Release|Win32
		{B591E2B1-3EFA-4D68-93D0-5B9233EF5D72}.Release.ActiveCfg = Release|Win32
		{B591E2B1-3EFA-4D68-93D0-5B9233EF5D72}.Release.Build.0 = Release|Win32
		{47E50E32-09C2-4EF8-905C-B89C683DACBC}.Debug.ActiveCfg = Release|Win32
		{47E50E32-09C2-4EF8-905C-B89C683DACBC}.Release.ActiveCfg = Release|Win32
		{47E50E32-09C2-4EF8-905C-B89C683DACBC}.Release.Build.0 = Release|Win32
		{8514361C-9475-45ED-86DD-39320E656296}.Debug.ActiveCfg = Debug|.NET
		{8514361C-9475-45ED-86DD-39320E656296}.Debug.Build.0 = Debug|.NET
		{8514361C-9475-45ED-86DD-39320E656296}.Release.ActiveCfg = Release|.NET
		{8514361C-9475-45ED-86DD-39320E656296}.Release.Build.0 = Release|.NET
		{506647B3-A203-467E-8DE9-657334016896}.Debug.ActiveCfg = Debug|.NET
		{506647B3-A203-467E-8DE9-657334016896}.Debug.Build.0 = Debug|.NET
		{506647B3-A203-467E-8DE9-657334016896}.Release.ActiveCfg = Release|.NET
		{506647B3-A203-467E-8DE9-657334016896}.Release.Build.0 = Release|.NET
	EndGlobalSection
	GlobalSection(SolutionItems) = postSolution
		COPYRIGHT.txt = COPYRIGHT.txt
		default.build = default.build
		Index.htm = Index.htm
		NatLink.key = NatLink.key
	EndGlobalSection
	GlobalSection(ExtensibilityGlobals) = postSolution
	EndGlobalSection
	GlobalSection(ExtensibilityAddIns) = postSolution
	EndGlobalSection
EndGlobal
