<?xml version="1.0" encoding="utf-8"?>
<Project ToolsVersion="4.0" xmlns="http://schemas.microsoft.com/developer/msbuild/2003">
  <ItemGroup>
    <Filter Include="Source Files">
      <UniqueIdentifier>{4FC737F1-C7A5-4376-A066-2A32D752A2FF}</UniqueIdentifier>
      <Extensions>cpp;c;cc;cxx;c++;cppm;ixx;def;odl;idl;hpj;bat;asm;asmx</Extensions>
    </Filter>
    <Filter Include="Header Files">
      <UniqueIdentifier>{93995380-89BD-4b04-88EB-625FBE52EBFB}</UniqueIdentifier>
      <Extensions>h;hh;hpp;hxx;h++;hm;inl;inc;ipp;xsd</Extensions>
    </Filter>
    <Filter Include="Resource Files">
      <UniqueIdentifier>{67DA6AB6-F800-4c08-8B7A-83BB121AAD01}</UniqueIdentifier>
      <Extensions>rc;ico;cur;bmp;dlg;rc2;rct;bin;rgs;gif;jpg;jpeg;jpe;resx;tiff;tif;png;wav;mfcribbon-ms</Extensions>
    </Filter>
    <Filter Include="Generated Files">
      <UniqueIdentifier>{de027a1e-a71e-43a4-b58e-8fc12bb76e5b}</UniqueIdentifier>
      <SourceControlFiles>False</SourceControlFiles>
    </Filter>
  </ItemGroup>
  <ItemGroup>
    <ClInclude Include="framework.h">
      <Filter>Header Files</Filter>
    </ClInclude>
    <ClInclude Include="targetver.h">
      <Filter>Header Files</Filter>
    </ClInclude>
    <ClInclude Include="Resource.h">
      <Filter>Header Files</Filter>
    </ClInclude>
    <ClInclude Include="dllmain.h">
      <Filter>Header Files</Filter>
    </ClInclude>
    <ClInclude Include="natlink_i.h">
      <Filter>Generated Files</Filter>
    </ClInclude>
    <ClInclude Include="pch.h">
      <Filter>Header Files</Filter>
    </ClInclude>
    <ClInclude Include="COM\comsupp.h">
      <Filter>Header Files</Filter>
    </ClInclude>
    <ClInclude Include="COM\dspeech.h">
      <Filter>Header Files</Filter>
    </ClInclude>
    <ClInclude Include="COM\speech.h">
      <Filter>Header Files</Filter>
    </ClInclude>
    <ClInclude Include="CDgnAppSupport.h">
      <Filter>Header Files</Filter>
    </ClInclude>
    <ClInclude Include="MessageWindow.h">
      <Filter>Header Files</Filter>
    </ClInclude>
    <ClInclude Include="DragonCode.h">
      <Filter>Header Files</Filter>
    </ClInclude>
  </ItemGroup>
  <ItemGroup>
    <ClCompile Include="natlink.cpp">
      <Filter>Source Files</Filter>
    </ClCompile>
    <ClCompile Include="dllmain.cpp">
      <Filter>Source Files</Filter>
    </ClCompile>
    <ClCompile Include="natlink_i.c">
      <Filter>Generated Files</Filter>
    </ClCompile>
    <ClCompile Include="DictationObject.cpp">
      <Filter>Source Files</Filter>
    </ClCompile>
    <ClCompile Include="Exceptions.cpp">
      <Filter>Source Files</Filter>
    </ClCompile>
    <ClCompile Include="GrammarObject.cpp">
      <Filter>Source Files</Filter>
    </ClCompile>
    <ClCompile Include="MessageWindow.cpp">
      <Filter>Source Files</Filter>
    </ClCompile>
    <ClCompile Include="DragonCode.cpp">
      <Filter>Source Files</Filter>
    </ClCompile>
    <ClCompile Include="ResultObject.cpp">
      <Filter>Source Files</Filter>
    </ClCompile>
    <ClCompile Include="pythwrap.cpp">
      <Filter>Source Files</Filter>
    </ClCompile>
    <ClCompile Include="CDgnAppSupport.cpp">
      <Filter>Source Files</Filter>
    </ClCompile>
  </ItemGroup>
  <ItemGroup>
    <ResourceCompile Include="natlink.rc">
      <Filter>Resource Files</Filter>
    </ResourceCompile>
  </ItemGroup>
  <ItemGroup>
    <None Include="natlink.rgs">
      <Filter>Resource Files</Filter>
    </None>
    <None Include="natlink.def">
      <Filter>Source Files</Filter>
    </None>
    <None Include="readme.md" />
    <None Include="CDgnAppSupport.rgs">
      <Filter>Resource Files</Filter>
    </None>
  </ItemGroup>
  <ItemGroup>
    <Midl Include="natlink.idl">
      <Filter>Source Files</Filter>
    </Midl>
  </ItemGroup>
</Project>