
Microsoft Visual Studio Solution File, Format Version 12.00
# Visual Studio Version 16
VisualStudioVersion = 16.0.30804.86
MinimumVisualStudioVersion = 10.0.40219.1
Project("{8BC9CEB8-8B4A-11D0-8D11-00A0C91BC942}") = "natlink", "natlink.vcxproj", "{1CEA119F-53F4-4117-AD39-ABBA2AA25AD3}"
EndProject
Project("{8BC9CEB8-8B4A-11D0-8D11-00A0C91BC942}") = "natlinkPS", "natlinkPS\natlinkPS.vcxproj", "{17F7FEF1-BB11-46DB-A06C-0F9D06BEA59E}"
	ProjectSection(ProjectDependencies) = postProject
		{1CEA119F-53F4-4117-AD39-ABBA2AA25AD3} = {1CEA119F-53F4-4117-AD39-ABBA2AA25AD3}
	EndProjectSection
EndProject
Global
	GlobalSection(SolutionConfigurationPlatforms) = preSolution
		Debug|x64 = Debug|x64
		Debug|x86 = Debug|x86
		Release|x64 = Release|x64
		Release|x86 = Release|x86
	EndGlobalSection
	GlobalSection(ProjectConfigurationPlatforms) = postSolution
		{1CEA119F-53F4-4117-AD39-ABBA2AA25AD3}.Debug|x64.ActiveCfg = Debug|x64
		{1CEA119F-53F4-4117-AD39-ABBA2AA25AD3}.Debug|x64.Build.0 = Debug|x64
		{1CEA119F-53F4-4117-AD39-ABBA2AA25AD3}.Debug|x86.ActiveCfg = Debug|Win32
		{1CEA119F-53F4-4117-AD39-ABBA2AA25AD3}.Debug|x86.Build.0 = Debug|Win32
		{1CEA119F-53F4-4117-AD39-ABBA2AA25AD3}.Release|x64.ActiveCfg = Release|x64
		{1CEA119F-53F4-4117-AD39-ABBA2AA25AD3}.Release|x64.Build.0 = Release|x64
		{1CEA119F-53F4-4117-AD39-ABBA2AA25AD3}.Release|x86.ActiveCfg = Release|Win32
		{1CEA119F-53F4-4117-AD39-ABBA2AA25AD3}.Release|x86.Build.0 = Release|Win32
		{17F7FEF1-BB11-46DB-A06C-0F9D06BEA59E}.Debug|x64.ActiveCfg = Debug|x64
		{17F7FEF1-BB11-46DB-A06C-0F9D06BEA59E}.Debug|x86.ActiveCfg = Debug|Win32
		{17F7FEF1-BB11-46DB-A06C-0F9D06BEA59E}.Release|x64.ActiveCfg = Release|x64
		{17F7FEF1-BB11-46DB-A06C-0F9D06BEA59E}.Release|x86.ActiveCfg = Release|Win32
	EndGlobalSection
	GlobalSection(SolutionProperties) = preSolution
		HideSolutionNode = FALSE
	EndGlobalSection
	GlobalSection(ExtensibilityGlobals) = postSolution
		SolutionGuid = {23F5CD66-A4F4-434B-BD8B-5067318E11F6}
	EndGlobalSection
EndGlobal
